
Microsoft Visual Studio Solution File, Format Version 12.00
# Visual Studio 15
VisualStudioVersion = 15.0.28307.705
MinimumVisualStudioVersion = 10.0.40219.1
Project("{FAE04EC0-301F-11D3-BF4B-00C04F79EFBC}") = "OrderWinForm", "OrderWinForm\OrderWinForm.csproj", "{CBA41ED7-344E-4A7E-B7A2-DF23FDB0B01D}"
EndProject
Global
	GlobalSection(SolutionConfigurationPlatforms) = preSolution
		Debug|Any CPU = Debug|Any CPU
		Release|Any CPU = Release|Any CPU
	EndGlobalSection
	GlobalSection(ProjectConfigurationPlatforms) = postSolution
		{CBA41ED7-344E-4A7E-B7A2-DF23FDB0B01D}.Debug|Any CPU.ActiveCfg = Debug|Any CPU
		{CBA41ED7-344E-4A7E-B7A2-DF23FDB0B01D}.Debug|Any CPU.Build.0 = Debug|Any CPU
		{CBA41ED7-344E-4A7E-B7A2-DF23FDB0B01D}.Release|Any CPU.ActiveCfg = Release|Any CPU
		{CBA41ED7-344E-4A7E-B7A2-DF23FDB0B01D}.Release|Any CPU.Build.0 = Release|Any CPU
	EndGlobalSection
	GlobalSection(SolutionProperties) = preSolution
		HideSolutionNode = FALSE
	EndGlobalSection
	GlobalSection(ExtensibilityGlobals) = postSolution
		SolutionGuid = {1D0F19D4-D65E-40E9-988A-06BD01095D2D}
	EndGlobalSection
EndGlobal
