
Microsoft Visual Studio Solution File, Format Version 12.00
# Visual Studio 15
VisualStudioVersion = 15.0.28307.705
MinimumVisualStudioVersion = 10.0.40219.1
Project("{FAE04EC0-301F-11D3-BF4B-00C04F79EFBC}") = "calculatorconsole", "217Csharp\calculatorconsole.csproj", "{EF1C9752-6A32-4FA7-84A9-6794521CF753}"
EndProject
Project("{FAE04EC0-301F-11D3-BF4B-00C04F79EFBC}") = "calculatorwindow", "WindowsFormsApp1\calculatorwindow.csproj", "{7955F7CC-31F2-4338-AD3A-F4F2EF3472E8}"
EndProject
Global
	GlobalSection(SolutionConfigurationPlatforms) = preSolution
		Debug|Any CPU = Debug|Any CPU
		Release|Any CPU = Release|Any CPU
	EndGlobalSection
	GlobalSection(ProjectConfigurationPlatforms) = postSolution
		{EF1C9752-6A32-4FA7-84A9-6794521CF753}.Debug|Any CPU.ActiveCfg = Debug|Any CPU
		{EF1C9752-6A32-4FA7-84A9-6794521CF753}.Debug|Any CPU.Build.0 = Debug|Any CPU
		{EF1C9752-6A32-4FA7-84A9-6794521CF753}.Release|Any CPU.ActiveCfg = Release|Any CPU
		{EF1C9752-6A32-4FA7-84A9-6794521CF753}.Release|Any CPU.Build.0 = Release|Any CPU
		{7955F7CC-31F2-4338-AD3A-F4F2EF3472E8}.Debug|Any CPU.ActiveCfg = Debug|Any CPU
		{7955F7CC-31F2-4338-AD3A-F4F2EF3472E8}.Debug|Any CPU.Build.0 = Debug|Any CPU
		{7955F7CC-31F2-4338-AD3A-F4F2EF3472E8}.Release|Any CPU.ActiveCfg = Release|Any CPU
		{7955F7CC-31F2-4338-AD3A-F4F2EF3472E8}.Release|Any CPU.Build.0 = Release|Any CPU
	EndGlobalSection
	GlobalSection(SolutionProperties) = preSolution
		HideSolutionNode = FALSE
	EndGlobalSection
	GlobalSection(ExtensibilityGlobals) = postSolution
		SolutionGuid = {E710A95E-E811-4195-81F5-D505C3BE2671}
	EndGlobalSection
EndGlobal
