
Microsoft Visual Studio Solution File, Format Version 12.00
# Visual Studio 15
VisualStudioVersion = 15.0.28307.705
MinimumVisualStudioVersion = 10.0.40219.1
Project("{FAE04EC0-301F-11D3-BF4B-00C04F79EFBC}") = "2.24(1)", "2.24\2.24(1).csproj", "{EBF8AAF6-42B9-4821-A354-DD7F2561ECB2}"
EndProject
Project("{FAE04EC0-301F-11D3-BF4B-00C04F79EFBC}") = "2.24(2)", "2.24(2)\2.24(2).csproj", "{9E9FA514-1448-4800-B2C0-798E03B8369E}"
EndProject
Project("{FAE04EC0-301F-11D3-BF4B-00C04F79EFBC}") = "2.24(3)", "2.24(3)\2.24(3).csproj", "{67BFFA9C-CE10-49FD-A666-7A4B5A678255}"
EndProject
Global
	GlobalSection(SolutionConfigurationPlatforms) = preSolution
		Debug|Any CPU = Debug|Any CPU
		Release|Any CPU = Release|Any CPU
	EndGlobalSection
	GlobalSection(ProjectConfigurationPlatforms) = postSolution
		{EBF8AAF6-42B9-4821-A354-DD7F2561ECB2}.Debug|Any CPU.ActiveCfg = Debug|Any CPU
		{EBF8AAF6-42B9-4821-A354-DD7F2561ECB2}.Debug|Any CPU.Build.0 = Debug|Any CPU
		{EBF8AAF6-42B9-4821-A354-DD7F2561ECB2}.Release|Any CPU.ActiveCfg = Release|Any CPU
		{EBF8AAF6-42B9-4821-A354-DD7F2561ECB2}.Release|Any CPU.Build.0 = Release|Any CPU
		{9E9FA514-1448-4800-B2C0-798E03B8369E}.Debug|Any CPU.ActiveCfg = Debug|Any CPU
		{9E9FA514-1448-4800-B2C0-798E03B8369E}.Debug|Any CPU.Build.0 = Debug|Any CPU
		{9E9FA514-1448-4800-B2C0-798E03B8369E}.Release|Any CPU.ActiveCfg = Release|Any CPU
		{9E9FA514-1448-4800-B2C0-798E03B8369E}.Release|Any CPU.Build.0 = Release|Any CPU
		{67BFFA9C-CE10-49FD-A666-7A4B5A678255}.Debug|Any CPU.ActiveCfg = Debug|Any CPU
		{67BFFA9C-CE10-49FD-A666-7A4B5A678255}.Debug|Any CPU.Build.0 = Debug|Any CPU
		{67BFFA9C-CE10-49FD-A666-7A4B5A678255}.Release|Any CPU.ActiveCfg = Release|Any CPU
		{67BFFA9C-CE10-49FD-A666-7A4B5A678255}.Release|Any CPU.Build.0 = Release|Any CPU
	EndGlobalSection
	GlobalSection(SolutionProperties) = preSolution
		HideSolutionNode = FALSE
	EndGlobalSection
	GlobalSection(ExtensibilityGlobals) = postSolution
		SolutionGuid = {D7B66217-1682-4E47-A9E7-5D2E27ADEC75}
	EndGlobalSection
EndGlobal
